
Microsoft Visual Studio Solution File, Format Version 12.00
# Visual Studio Version 17
VisualStudioVersion = 17.7.34221.43
MinimumVisualStudioVersion = 10.0.40219.1
Project("{FAE04EC0-301F-11D3-BF4B-00C04F79EFBC}") = "FileIndexer", "FileIndexer.csproj", "{D987F408-FA9F-41F5-B99A-C7845278188E}"
EndProject
Global
	GlobalSection(SolutionConfigurationPlatforms) = preSolution
		Debug|Any CPU = Debug|Any CPU
		Release|Any CPU = Release|Any CPU
	EndGlobalSection
	GlobalSection(ProjectConfigurationPlatforms) = postSolution
		{D987F408-FA9F-41F5-B99A-C7845278188E}.Debug|Any CPU.ActiveCfg = Debug|Any CPU
		{D987F408-FA9F-41F5-B99A-C7845278188E}.Debug|Any CPU.Build.0 = Debug|Any CPU
		{D987F408-FA9F-41F5-B99A-C7845278188E}.Release|Any CPU.ActiveCfg = Release|Any CPU
		{D987F408-FA9F-41F5-B99A-C7845278188E}.Release|Any CPU.Build.0 = Release|Any CPU
	EndGlobalSection
	GlobalSection(SolutionProperties) = preSolution
		HideSolutionNode = FALSE
	EndGlobalSection
	GlobalSection(ExtensibilityGlobals) = postSolution
		SolutionGuid = {D8573366-6A29-48FF-9886-4CAFB9BC8D58}
	EndGlobalSection
EndGlobal
